{
  "nodes": {
    "nixpkgs": {
      "locked": {
        "lastModified": 1699091535,
        "narHash": "sha256-cAwCoYXMO1FSiEhla/Bp98dMfPTNyLFk3MjT/UBWv+I=",
        "owner": "NixOS",
        "repo": "nixpkgs",
        "rev": "47ab3596a7163c69d642235da3d88f9fbe95df03",
        "type": "github"
      },
      "original": {
        "owner": "NixOS",
        "repo": "nixpkgs",
        "type": "github"
      }
    },
    "root": {
      "inputs": {
        "nixpkgs": "nixpkgs"
      }
    }
  },
  "root": "root",
  "version": 7
}
